{
  "name": "Code Carousel",
  "lockfileVersion": 3,
  "requires": true,
  "packages": {
    "": {
      "dependencies": {
        "scroll-carousel": "^1.2.7"
      }
    },
    "node_modules/scroll-carousel": {
      "version": "1.2.7",
      "resolved": "https://registry.npmjs.org/scroll-carousel/-/scroll-carousel-1.2.7.tgz",
      "integrity": "sha512-tiXdee3QJgyaUXVA5cW4s1qUNdpPG3jGFsoJ1Jc2kDS4X8ipIvwkPwgZSF9SYszCvF9BRxGduJDQunMWBzavdw=="
    }
  }
}
